
Microsoft Visual Studio Solution File, Format Version 12.00
# Visual Studio Version 17
VisualStudioVersion = 17.8.34525.116
MinimumVisualStudioVersion = 10.0.40219.1
Project("{FAE04EC0-301F-11D3-BF4B-00C04F79EFBC}") = "DataAPI_ContentNegotiation_EX", "DataAPI_ContentNegotiation_EX\DataAPI_ContentNegotiation_EX.csproj", "{95AAE7BF-A52F-44F9-BA6A-8F9CE98B3689}"
EndProject
Global
	GlobalSection(SolutionConfigurationPlatforms) = preSolution
		Debug|Any CPU = Debug|Any CPU
		Release|Any CPU = Release|Any CPU
	EndGlobalSection
	GlobalSection(ProjectConfigurationPlatforms) = postSolution
		{95AAE7BF-A52F-44F9-BA6A-8F9CE98B3689}.Debug|Any CPU.ActiveCfg = Debug|Any CPU
		{95AAE7BF-A52F-44F9-BA6A-8F9CE98B3689}.Debug|Any CPU.Build.0 = Debug|Any CPU
		{95AAE7BF-A52F-44F9-BA6A-8F9CE98B3689}.Release|Any CPU.ActiveCfg = Release|Any CPU
		{95AAE7BF-A52F-44F9-BA6A-8F9CE98B3689}.Release|Any CPU.Build.0 = Release|Any CPU
	EndGlobalSection
	GlobalSection(SolutionProperties) = preSolution
		HideSolutionNode = FALSE
	EndGlobalSection
	GlobalSection(ExtensibilityGlobals) = postSolution
		SolutionGuid = {4E5CDA8B-A005-4471-89D0-0019AB289AC0}
	EndGlobalSection
EndGlobal
